// !$*UTF8*$!
{
	archiveVersion = 1;
	classes = {
	};
	objectVersion = 77;
	objects = {

/* Begin PBXBuildFile section */
		0491281E2F2F50A7005DEF40 /* StoreKit.framework in Frameworks */ = {isa = PBXBuildFile; fileRef = 0491281D2F2F50A7005DEF40 /* StoreKit.framework */; };
		049128202F2F50E6005DEF40 /* com.jimwas.travelvid.premium.storekit in Resources */ = {isa = PBXBuildFile; fileRef = 0491281F2F2F50E6005DEF40 /* com.jimwas.travelvid.premium.storekit */; };
		04D31DF42F0B8312006F3548 /* FirebaseAI in Frameworks */ = {isa = PBXBuildFile; productRef = 04D31DF32F0B8312006F3548 /* FirebaseAI */; };
		04D31DF62F0B8312006F3548 /* FirebaseAILogic in Frameworks */ = {isa = PBXBuildFile; productRef = 04D31DF52F0B8312006F3548 /* FirebaseAILogic */; };
		04D31DF82F0B8312006F3548 /* FirebaseAnalytics in Frameworks */ = {isa = PBXBuildFile; productRef = 04D31DF72F0B8312006F3548 /* FirebaseAnalytics */; };
		04D31DFA2F0B8312006F3548 /* FirebaseAnalyticsCore in Frameworks */ = {isa = PBXBuildFile; productRef = 04D31DF92F0B8312006F3548 /* FirebaseAnalyticsCore */; };
		04D31DFC2F0B8312006F3548 /* FirebaseAnalyticsIdentitySupport in Frameworks */ = {isa = PBXBuildFile; productRef = 04D31DFB2F0B8312006F3548 /* FirebaseAnalyticsIdentitySupport */; };
		04D31DFE2F0B8312006F3548 /* FirebaseAppCheck in Frameworks */ = {isa = PBXBuildFile; productRef = 04D31DFD2F0B8312006F3548 /* FirebaseAppCheck */; };
		04D31E002F0B8312006F3548 /* FirebaseAppDistribution-Beta in Frameworks */ = {isa = PBXBuildFile; productRef = 04D31DFF2F0B8312006F3548 /* FirebaseAppDistribution-Beta */; };
		04D31E022F0B8312006F3548 /* FirebaseAuth in Frameworks */ = {isa = PBXBuildFile; productRef = 04D31E012F0B8312006F3548 /* FirebaseAuth */; };
		04D31E042F0B8312006F3548 /* FirebaseAuthCombine-Community in Frameworks */ = {isa = PBXBuildFile; productRef = 04D31E032F0B8312006F3548 /* FirebaseAuthCombine-Community */; };
		04D31E062F0B8312006F3548 /* FirebaseCore in Frameworks */ = {isa = PBXBuildFile; productRef = 04D31E052F0B8312006F3548 /* FirebaseCore */; };
		04D31E082F0B8312006F3548 /* FirebaseCrashlytics in Frameworks */ = {isa = PBXBuildFile; productRef = 04D31E072F0B8312006F3548 /* FirebaseCrashlytics */; };
		04D31E0A2F0B8312006F3548 /* FirebaseDatabase in Frameworks */ = {isa = PBXBuildFile; productRef = 04D31E092F0B8312006F3548 /* FirebaseDatabase */; };
		04D31E0C2F0B8312006F3548 /* FirebaseFirestore in Frameworks */ = {isa = PBXBuildFile; productRef = 04D31E0B2F0B8312006F3548 /* FirebaseFirestore */; };
		04D31E0E2F0B8312006F3548 /* FirebaseFirestoreCombine-Community in Frameworks */ = {isa = PBXBuildFile; productRef = 04D31E0D2F0B8312006F3548 /* FirebaseFirestoreCombine-Community */; };
		04D31E102F0B8312006F3548 /* FirebaseFunctions in Frameworks */ = {isa = PBXBuildFile; productRef = 04D31E0F2F0B8312006F3548 /* FirebaseFunctions */; };
		04D31E122F0B8312006F3548 /* FirebaseFunctionsCombine-Community in Frameworks */ = {isa = PBXBuildFile; productRef = 04D31E112F0B8312006F3548 /* FirebaseFunctionsCombine-Community */; };
		04D31E142F0B8312006F3548 /* FirebaseInAppMessaging-Beta in Frameworks */ = {isa = PBXBuildFile; productRef = 04D31E132F0B8312006F3548 /* FirebaseInAppMessaging-Beta */; };
		04D31E162F0B8312006F3548 /* FirebaseInstallations in Frameworks */ = {isa = PBXBuildFile; productRef = 04D31E152F0B8312006F3548 /* FirebaseInstallations */; };
		04D31E182F0B8312006F3548 /* FirebaseMLModelDownloader in Frameworks */ = {isa = PBXBuildFile; productRef = 04D31E172F0B8312006F3548 /* FirebaseMLModelDownloader */; };
		04D31E1A2F0B8312006F3548 /* FirebaseMessaging in Frameworks */ = {isa = PBXBuildFile; productRef = 04D31E192F0B8312006F3548 /* FirebaseMessaging */; };
		04D31E1C2F0B8312006F3548 /* FirebasePerformance in Frameworks */ = {isa = PBXBuildFile; productRef = 04D31E1B2F0B8312006F3548 /* FirebasePerformance */; };
		04D31E1E2F0B8312006F3548 /* FirebaseRemoteConfig in Frameworks */ = {isa = PBXBuildFile; productRef = 04D31E1D2F0B8312006F3548 /* FirebaseRemoteConfig */; };
		04D31E202F0B8312006F3548 /* FirebaseStorage in Frameworks */ = {isa = PBXBuildFile; productRef = 04D31E1F2F0B8312006F3548 /* FirebaseStorage */; };
		04D31E222F0B8312006F3548 /* FirebaseStorageCombine-Community in Frameworks */ = {isa = PBXBuildFile; productRef = 04D31E212F0B8312006F3548 /* FirebaseStorageCombine-Community */; };
		B142FC21B6264E4595909392 /* Pods_TravelVid_Recorder.framework in Frameworks */ = {isa = PBXBuildFile; fileRef = 4DFAA9BE89D7249C72C246A1 /* Pods_TravelVid_Recorder.framework */; };
/* End PBXBuildFile section */

/* Begin PBXContainerItemProxy section */
		04AEABEE2EB1ACF6006FA46D /* PBXContainerItemProxy */ = {
			isa = PBXContainerItemProxy;
			containerPortal = 04AEABCF2EB1ACF3006FA46D /* Project object */;
			proxyType = 1;
			remoteGlobalIDString = 04AEABD62EB1ACF3006FA46D;
			remoteInfo = "TravelVid Recorder";
		};
		04AEABF82EB1ACF6006FA46D /* PBXContainerItemProxy */ = {
			isa = PBXContainerItemProxy;
			containerPortal = 04AEABCF2EB1ACF3006FA46D /* Project object */;
			proxyType = 1;
			remoteGlobalIDString = 04AEABD62EB1ACF3006FA46D;
			remoteInfo = "TravelVid Recorder";
		};
/* End PBXContainerItemProxy section */

/* Begin PBXFileReference section */
		0491281D2F2F50A7005DEF40 /* StoreKit.framework */ = {isa = PBXFileReference; lastKnownFileType = wrapper.framework; name = StoreKit.framework; path = System/Library/Frameworks/StoreKit.framework; sourceTree = SDKROOT; };
		0491281F2F2F50E6005DEF40 /* com.jimwas.travelvid.premium.storekit */ = {isa = PBXFileReference; lastKnownFileType = text; path = com.jimwas.travelvid.premium.storekit; sourceTree = "<group>"; };
		0492C4222EF5038900A2F2DC /* GPS-TOkyo-Station.gpx */ = {isa = PBXFileReference; lastKnownFileType = text.xml; name = "GPS-TOkyo-Station.gpx"; path = "../../GPS-TOkyo-Station.gpx"; sourceTree = "<group>"; };
		04AEABD72EB1ACF3006FA46D /* TravelVid Recorder.app */ = {isa = PBXFileReference; explicitFileType = wrapper.application; includeInIndex = 0; path = "TravelVid Recorder.app"; sourceTree = BUILT_PRODUCTS_DIR; };
		04AEABED2EB1ACF6006FA46D /* TravelVid RecorderTests.xctest */ = {isa = PBXFileReference; explicitFileType = wrapper.cfbundle; includeInIndex = 0; path = "TravelVid RecorderTests.xctest"; sourceTree = BUILT_PRODUCTS_DIR; };
		04AEABF72EB1ACF6006FA46D /* TravelVid RecorderUITests.xctest */ = {isa = PBXFileReference; explicitFileType = wrapper.cfbundle; includeInIndex = 0; path = "TravelVid RecorderUITests.xctest"; sourceTree = BUILT_PRODUCTS_DIR; };
		04E338832EB30B8200E4C187 /* AVFoundation.framework */ = {isa = PBXFileReference; lastKnownFileType = wrapper.framework; name = AVFoundation.framework; path = Platforms/iPhoneOS.platform/Developer/SDKs/iPhoneOS18.2.sdk/System/Library/Frameworks/AVFoundation.framework; sourceTree = DEVELOPER_DIR; };
		04E338882EB30B8D00E4C187 /* Photos.framework */ = {isa = PBXFileReference; lastKnownFileType = wrapper.framework; name = Photos.framework; path = Platforms/iPhoneOS.platform/Developer/SDKs/iPhoneOS18.2.sdk/System/Library/Frameworks/Photos.framework; sourceTree = DEVELOPER_DIR; };
		04E3388C2EB30B9300E4C187 /* PhotosUI.framework */ = {isa = PBXFileReference; lastKnownFileType = wrapper.framework; name = PhotosUI.framework; path = Platforms/iPhoneOS.platform/Developer/SDKs/iPhoneOS18.2.sdk/System/Library/Frameworks/PhotosUI.framework; sourceTree = DEVELOPER_DIR; };
		257FD1AFA4E1C42E44256256 /* Pods-TravelVid Recorder.debug.xcconfig */ = {isa = PBXFileReference; includeInIndex = 1; lastKnownFileType = text.xcconfig; name = "Pods-TravelVid Recorder.debug.xcconfig"; path = "Target Support Files/Pods-TravelVid Recorder/Pods-TravelVid Recorder.debug.xcconfig"; sourceTree = "<group>"; };
		4DFAA9BE89D7249C72C246A1 /* Pods_TravelVid_Recorder.framework */ = {isa = PBXFileReference; explicitFileType = wrapper.framework; includeInIndex = 0; path = Pods_TravelVid_Recorder.framework; sourceTree = BUILT_PRODUCTS_DIR; };
		895E80D2BF6C74EE0BC6BA4F /* Pods-TravelVid Recorder.release.xcconfig */ = {isa = PBXFileReference; includeInIndex = 1; lastKnownFileType = text.xcconfig; name = "Pods-TravelVid Recorder.release.xcconfig"; path = "Target Support Files/Pods-TravelVid Recorder/Pods-TravelVid Recorder.release.xcconfig"; sourceTree = "<group>"; };
/* End PBXFileReference section */

/* Begin PBXFileSystemSynchronizedRootGroup section */
		04AEABD92EB1ACF3006FA46D /* TravelVid Recorder */ = {
			isa = PBXFileSystemSynchronizedRootGroup;
			path = "TravelVid Recorder";
			sourceTree = "<group>";
		};
/* End PBXFileSystemSynchronizedRootGroup section */

/* Begin PBXFrameworksBuildPhase section */
		04AEABD42EB1ACF3006FA46D /* Frameworks */ = {
			isa = PBXFrameworksBuildPhase;
			buildActionMask = 2147483647;
			files = (
				04D31E1C2F0B8312006F3548 /* FirebasePerformance in Frameworks */,
				04D31E0A2F0B8312006F3548 /* FirebaseDatabase in Frameworks */,
				04D31E122F0B8312006F3548 /* FirebaseFunctionsCombine-Community in Frameworks */,
				04D31DF62F0B8312006F3548 /* FirebaseAILogic in Frameworks */,
				B142FC21B6264E4595909392 /* Pods_TravelVid_Recorder.framework in Frameworks */,
				04D31E202F0B8312006F3548 /* FirebaseStorage in Frameworks */,
				04D31E0E2F0B8312006F3548 /* FirebaseFirestoreCombine-Community in Frameworks */,
				04D31E062F0B8312006F3548 /* FirebaseCore in Frameworks */,
				04D31DFC2F0B8312006F3548 /* FirebaseAnalyticsIdentitySupport in Frameworks */,
				04D31E182F0B8312006F3548 /* FirebaseMLModelDownloader in Frameworks */,
				04D31DFA2F0B8312006F3548 /* FirebaseAnalyticsCore in Frameworks */,
				0491281E2F2F50A7005DEF40 /* StoreKit.framework in Frameworks */,
				04D31E1A2F0B8312006F3548 /* FirebaseMessaging in Frameworks */,
				04D31E162F0B8312006F3548 /* FirebaseInstallations in Frameworks */,
				04D31E022F0B8312006F3548 /* FirebaseAuth in Frameworks */,
				04D31DFE2F0B8312006F3548 /* FirebaseAppCheck in Frameworks */,
				04D31DF82F0B8312006F3548 /* FirebaseAnalytics in Frameworks */,
				04D31E142F0B8312006F3548 /* FirebaseInAppMessaging-Beta in Frameworks */,
				04D31DF42F0B8312006F3548 /* FirebaseAI in Frameworks */,
				04D31E102F0B8312006F3548 /* FirebaseFunctions in Frameworks */,
				04D31E1E2F0B8312006F3548 /* FirebaseRemoteConfig in Frameworks */,
				04D31E082F0B8312006F3548 /* FirebaseCrashlytics in Frameworks */,
				04D31E002F0B8312006F3548 /* FirebaseAppDistribution-Beta in Frameworks */,
				04D31E222F0B8312006F3548 /* FirebaseStorageCombine-Community in Frameworks */,
				04D31E042F0B8312006F3548 /* FirebaseAuthCombine-Community in Frameworks */,
				04D31E0C2F0B8312006F3548 /* FirebaseFirestore in Frameworks */,
			);
			runOnlyForDeploymentPostprocessing = 0;
		};
		04AEABEA2EB1ACF6006FA46D /* Frameworks */ = {
			isa = PBXFrameworksBuildPhase;
			buildActionMask = 2147483647;
			files = (
			);
			runOnlyForDeploymentPostprocessing = 0;
		};
		04AEABF42EB1ACF6006FA46D /* Frameworks */ = {
			isa = PBXFrameworksBuildPhase;
			buildActionMask = 2147483647;
			files = (
			);
			runOnlyForDeploymentPostprocessing = 0;
		};
/* End PBXFrameworksBuildPhase section */

/* Begin PBXGroup section */
		04AEABCE2EB1ACF3006FA46D = {
			isa = PBXGroup;
			children = (
				0491281F2F2F50E6005DEF40 /* com.jimwas.travelvid.premium.storekit */,
				0492C4222EF5038900A2F2DC /* GPS-TOkyo-Station.gpx */,
				04AEABD92EB1ACF3006FA46D /* TravelVid Recorder */,
				04E338822EB30B8200E4C187 /* Frameworks */,
				04AEABD82EB1ACF3006FA46D /* Products */,
				4395DD4DB8FD031AA1149DF7 /* Pods */,
			);
			sourceTree = "<group>";
		};
		04AEABD82EB1ACF3006FA46D /* Products */ = {
			isa = PBXGroup;
			children = (
				04AEABD72EB1ACF3006FA46D /* TravelVid Recorder.app */,
				04AEABED2EB1ACF6006FA46D /* TravelVid RecorderTests.xctest */,
				04AEABF72EB1ACF6006FA46D /* TravelVid RecorderUITests.xctest */,
			);
			name = Products;
			sourceTree = "<group>";
		};
		04E338822EB30B8200E4C187 /* Frameworks */ = {
			isa = PBXGroup;
			children = (
				0491281D2F2F50A7005DEF40 /* StoreKit.framework */,
				04E3388C2EB30B9300E4C187 /* PhotosUI.framework */,
				04E338882EB30B8D00E4C187 /* Photos.framework */,
				04E338832EB30B8200E4C187 /* AVFoundation.framework */,
				4DFAA9BE89D7249C72C246A1 /* Pods_TravelVid_Recorder.framework */,
			);
			name = Frameworks;
			sourceTree = "<group>";
		};
		4395DD4DB8FD031AA1149DF7 /* Pods */ = {
			isa = PBXGroup;
			children = (
				257FD1AFA4E1C42E44256256 /* Pods-TravelVid Recorder.debug.xcconfig */,
				895E80D2BF6C74EE0BC6BA4F /* Pods-TravelVid Recorder.release.xcconfig */,
			);
			path = Pods;
			sourceTree = "<group>";
		};
/* End PBXGroup section */

/* Begin PBXNativeTarget section */
		04AEABD62EB1ACF3006FA46D /* TravelVid Recorder */ = {
			isa = PBXNativeTarget;
			buildConfigurationList = 04AEAC012EB1ACF6006FA46D /* Build configuration list for PBXNativeTarget "TravelVid Recorder" */;
			buildPhases = (
				5B7F409A305E28223EEC8BA3 /* [CP] Check Pods Manifest.lock */,
				04AEABD32EB1ACF3006FA46D /* Sources */,
				04AEABD42EB1ACF3006FA46D /* Frameworks */,
				04AEABD52EB1ACF3006FA46D /* Resources */,
				BC786F564BD592128574C397 /* [CP] Copy Pods Resources */,
			);
			buildRules = (
			);
			dependencies = (
			);
			fileSystemSynchronizedGroups = (
				04AEABD92EB1ACF3006FA46D /* TravelVid Recorder */,
			);
			name = "TravelVid Recorder";
			productName = "TravelVid Recorder";
			productReference = 04AEABD72EB1ACF3006FA46D /* TravelVid Recorder.app */;
			productType = "com.apple.product-type.application";
		};
		04AEABEC2EB1ACF6006FA46D /* TravelVid RecorderTests */ = {
			isa = PBXNativeTarget;
			buildConfigurationList = 04AEAC042EB1ACF6006FA46D /* Build configuration list for PBXNativeTarget "TravelVid RecorderTests" */;
			buildPhases = (
				04AEABE92EB1ACF6006FA46D /* Sources */,
				04AEABEA2EB1ACF6006FA46D /* Frameworks */,
				04AEABEB2EB1ACF6006FA46D /* Resources */,
			);
			buildRules = (
			);
			dependencies = (
				04AEABEF2EB1ACF6006FA46D /* PBXTargetDependency */,
			);
			name = "TravelVid RecorderTests";
			productName = "TravelVid RecorderTests";
			productReference = 04AEABED2EB1ACF6006FA46D /* TravelVid RecorderTests.xctest */;
			productType = "com.apple.product-type.bundle.unit-test";
		};
		04AEABF62EB1ACF6006FA46D /* TravelVid RecorderUITests */ = {
			isa = PBXNativeTarget;
			buildConfigurationList = 04AEAC072EB1ACF6006FA46D /* Build configuration list for PBXNativeTarget "TravelVid RecorderUITests" */;
			buildPhases = (
				04AEABF32EB1ACF6006FA46D /* Sources */,
				04AEABF42EB1ACF6006FA46D /* Frameworks */,
				04AEABF52EB1ACF6006FA46D /* Resources */,
			);
			buildRules = (
			);
			dependencies = (
				04AEABF92EB1ACF6006FA46D /* PBXTargetDependency */,
			);
			name = "TravelVid RecorderUITests";
			productName = "TravelVid RecorderUITests";
			productReference = 04AEABF72EB1ACF6006FA46D /* TravelVid RecorderUITests.xctest */;
			productType = "com.apple.product-type.bundle.ui-testing";
		};
/* End PBXNativeTarget section */

/* Begin PBXProject section */
		04AEABCF2EB1ACF3006FA46D /* Project object */ = {
			isa = PBXProject;
			attributes = {
				BuildIndependentTargetsInParallel = 1;
				LastSwiftUpdateCheck = 1620;
				LastUpgradeCheck = 2620;
				TargetAttributes = {
					04AEABD62EB1ACF3006FA46D = {
						CreatedOnToolsVersion = 16.2;
					};
					04AEABEC2EB1ACF6006FA46D = {
						CreatedOnToolsVersion = 16.2;
						TestTargetID = 04AEABD62EB1ACF3006FA46D;
					};
					04AEABF62EB1ACF6006FA46D = {
						CreatedOnToolsVersion = 16.2;
						TestTargetID = 04AEABD62EB1ACF3006FA46D;
					};
				};
			};
			buildConfigurationList = 04AEABD22EB1ACF3006FA46D /* Build configuration list for PBXProject "TravelVid Recorder" */;
			developmentRegion = en;
			hasScannedForEncodings = 0;
			knownRegions = (
				en,
				Base,
			);
			mainGroup = 04AEABCE2EB1ACF3006FA46D;
			minimizedProjectReferenceProxies = 1;
			packageReferences = (
				04D31DF22F0B8312006F3548 /* XCRemoteSwiftPackageReference "firebase-ios-sdk" */,
			);
			preferredProjectObjectVersion = 77;
			productRefGroup = 04AEABD82EB1ACF3006FA46D /* Products */;
			projectDirPath = "";
			projectRoot = "";
			targets = (
				04AEABD62EB1ACF3006FA46D /* TravelVid Recorder */,
				04AEABEC2EB1ACF6006FA46D /* TravelVid RecorderTests */,
				04AEABF62EB1ACF6006FA46D /* TravelVid RecorderUITests */,
			);
		};
/* End PBXProject section */

/* Begin PBXResourcesBuildPhase section */
		04AEABD52EB1ACF3006FA46D /* Resources */ = {
			isa = PBXResourcesBuildPhase;
			buildActionMask = 2147483647;
			files = (
				049128202F2F50E6005DEF40 /* com.jimwas.travelvid.premium.storekit in Resources */,
			);
			runOnlyForDeploymentPostprocessing = 0;
		};
		04AEABEB2EB1ACF6006FA46D /* Resources */ = {
			isa = PBXResourcesBuildPhase;
			buildActionMask = 2147483647;
			files = (
			);
			runOnlyForDeploymentPostprocessing = 0;
		};
		04AEABF52EB1ACF6006FA46D /* Resources */ = {
			isa = PBXResourcesBuildPhase;
			buildActionMask = 2147483647;
			files = (
			);
			runOnlyForDeploymentPostprocessing = 0;
		};
/* End PBXResourcesBuildPhase section */

/* Begin PBXShellScriptBuildPhase section */
		5B7F409A305E28223EEC8BA3 /* [CP] Check Pods Manifest.lock */ = {
			isa = PBXShellScriptBuildPhase;
			buildActionMask = 2147483647;
			files = (
			);
			inputFileListPaths = (
			);
			inputPaths = (
				"${PODS_PODFILE_DIR_PATH}/Podfile.lock",
				"${PODS_ROOT}/Manifest.lock",
			);
			name = "[CP] Check Pods Manifest.lock";
			outputFileListPaths = (
			);
			outputPaths = (
				"$(DERIVED_FILE_DIR)/Pods-TravelVid Recorder-checkManifestLockResult.txt",
			);
			runOnlyForDeploymentPostprocessing = 0;
			shellPath = /bin/sh;
			shellScript = "diff \"${PODS_PODFILE_DIR_PATH}/Podfile.lock\" \"${PODS_ROOT}/Manifest.lock\" > /dev/null\nif [ $? != 0 ] ; then\n    # print error to STDERR\n    echo \"error: The sandbox is not in sync with the Podfile.lock. Run 'pod install' or update your CocoaPods installation.\" >&2\n    exit 1\nfi\n# This output is used by Xcode 'outputs' to avoid re-running this script phase.\necho \"SUCCESS\" > \"${SCRIPT_OUTPUT_FILE_0}\"\n";
			showEnvVarsInLog = 0;
		};
		BC786F564BD592128574C397 /* [CP] Copy Pods Resources */ = {
			isa = PBXShellScriptBuildPhase;
			buildActionMask = 2147483647;
			files = (
			);
			inputFileListPaths = (
				"${PODS_ROOT}/Target Support Files/Pods-TravelVid Recorder/Pods-TravelVid Recorder-resources-${CONFIGURATION}-input-files.xcfilelist",
			);
			inputPaths = (
			);
			name = "[CP] Copy Pods Resources";
			outputFileListPaths = (
				"${PODS_ROOT}/Target Support Files/Pods-TravelVid Recorder/Pods-TravelVid Recorder-resources-${CONFIGURATION}-output-files.xcfilelist",
			);
			outputPaths = (
			);
			runOnlyForDeploymentPostprocessing = 0;
			shellPath = /bin/sh;
			shellScript = "\"${PODS_ROOT}/Target Support Files/Pods-TravelVid Recorder/Pods-TravelVid Recorder-resources.sh\"\n";
			showEnvVarsInLog = 0;
		};
/* End PBXShellScriptBuildPhase section */

/* Begin PBXSourcesBuildPhase section */
		04AEABD32EB1ACF3006FA46D /* Sources */ = {
			isa = PBXSourcesBuildPhase;
			buildActionMask = 2147483647;
			files = (
			);
			runOnlyForDeploymentPostprocessing = 0;
		};
		04AEABE92EB1ACF6006FA46D /* Sources */ = {
			isa = PBXSourcesBuildPhase;
			buildActionMask = 2147483647;
			files = (
			);
			runOnlyForDeploymentPostprocessing = 0;
		};
		04AEABF32EB1ACF6006FA46D /* Sources */ = {
			isa = PBXSourcesBuildPhase;
			buildActionMask = 2147483647;
			files = (
			);
			runOnlyForDeploymentPostprocessing = 0;
		};
/* End PBXSourcesBuildPhase section */

/* Begin PBXTargetDependency section */
		04AEABEF2EB1ACF6006FA46D /* PBXTargetDependency */ = {
			isa = PBXTargetDependency;
			target = 04AEABD62EB1ACF3006FA46D /* TravelVid Recorder */;
			targetProxy = 04AEABEE2EB1ACF6006FA46D /* PBXContainerItemProxy */;
		};
		04AEABF92EB1ACF6006FA46D /* PBXTargetDependency */ = {
			isa = PBXTargetDependency;
			target = 04AEABD62EB1ACF3006FA46D /* TravelVid Recorder */;
			targetProxy = 04AEABF82EB1ACF6006FA46D /* PBXContainerItemProxy */;
		};
/* End PBXTargetDependency section */

/* Begin XCBuildConfiguration section */
		04AEABFF2EB1ACF6006FA46D /* Debug */ = {
			isa = XCBuildConfiguration;
			buildSettings = {
				ALWAYS_SEARCH_USER_PATHS = NO;
				ASSETCATALOG_COMPILER_GENERATE_SWIFT_ASSET_SYMBOL_EXTENSIONS = YES;
				CLANG_ANALYZER_NONNULL = YES;
				CLANG_ANALYZER_NUMBER_OBJECT_CONVERSION = YES_AGGRESSIVE;
				CLANG_CXX_LANGUAGE_STANDARD = "gnu++20";
				CLANG_ENABLE_MODULES = YES;
				CLANG_ENABLE_OBJC_ARC = YES;
				CLANG_ENABLE_OBJC_WEAK = YES;
				CLANG_WARN_BLOCK_CAPTURE_AUTORELEASING = YES;
				CLANG_WARN_BOOL_CONVERSION = YES;
				CLANG_WARN_COMMA = YES;
				CLANG_WARN_CONSTANT_CONVERSION = YES;
				CLANG_WARN_DEPRECATED_OBJC_IMPLEMENTATIONS = YES;
				CLANG_WARN_DIRECT_OBJC_ISA_USAGE = YES_ERROR;
				CLANG_WARN_DOCUMENTATION_COMMENTS = YES;
				CLANG_WARN_EMPTY_BODY = YES;
				CLANG_WARN_ENUM_CONVERSION = YES;
				CLANG_WARN_INFINITE_RECURSION = YES;
				CLANG_WARN_INT_CONVERSION = YES;
				CLANG_WARN_NON_LITERAL_NULL_CONVERSION = YES;
				CLANG_WARN_OBJC_IMPLICIT_RETAIN_SELF = YES;
				CLANG_WARN_OBJC_LITERAL_CONVERSION = YES;
				CLANG_WARN_OBJC_ROOT_CLASS = YES_ERROR;
				CLANG_WARN_QUOTED_INCLUDE_IN_FRAMEWORK_HEADER = YES;
				CLANG_WARN_RANGE_LOOP_ANALYSIS = YES;
				CLANG_WARN_STRICT_PROTOTYPES = YES;
				CLANG_WARN_SUSPICIOUS_MOVE = YES;
				CLANG_WARN_UNGUARDED_AVAILABILITY = YES_AGGRESSIVE;
				CLANG_WARN_UNREACHABLE_CODE = YES;
				CLANG_WARN__DUPLICATE_METHOD_MATCH = YES;
				COPY_PHASE_STRIP = NO;
				DEAD_CODE_STRIPPING = YES;
				DEBUG_INFORMATION_FORMAT = dwarf;
				DEVELOPMENT_TEAM = VZ6957Q335;
				ENABLE_STRICT_OBJC_MSGSEND = YES;
				ENABLE_TESTABILITY = YES;
				ENABLE_USER_SCRIPT_SANDBOXING = NO;
				GCC_C_LANGUAGE_STANDARD = gnu17;
				GCC_DYNAMIC_NO_PIC = NO;
				GCC_NO_COMMON_BLOCKS = YES;
				GCC_OPTIMIZATION_LEVEL = 0;
				GCC_PREPROCESSOR_DEFINITIONS = (
					"DEBUG=1",
					"$(inherited)",
				);
				GCC_WARN_64_TO_32_BIT_CONVERSION = YES;
				GCC_WARN_ABOUT_RETURN_TYPE = YES_ERROR;
				GCC_WARN_UNDECLARED_SELECTOR = YES;
				GCC_WARN_UNINITIALIZED_AUTOS = YES_AGGRESSIVE;
				GCC_WARN_UNUSED_FUNCTION = YES;
				GCC_WARN_UNUSED_VARIABLE = YES;
				LOCALIZATION_PREFERS_STRING_CATALOGS = YES;
				MTL_ENABLE_DEBUG_INFO = INCLUDE_SOURCE;
				MTL_FAST_MATH = YES;
				ONLY_ACTIVE_ARCH = YES;
				STRING_CATALOG_GENERATE_SYMBOLS = YES;
				SWIFT_ACTIVE_COMPILATION_CONDITIONS = "DEBUG $(inherited)";
				SWIFT_OPTIMIZATION_LEVEL = "-Onone";
			};
			name = Debug;
		};
		04AEAC002EB1ACF6006FA46D /* Release */ = {
			isa = XCBuildConfiguration;
			buildSettings = {
				ALWAYS_SEARCH_USER_PATHS = NO;
				ASSETCATALOG_COMPILER_GENERATE_SWIFT_ASSET_SYMBOL_EXTENSIONS = YES;
				CLANG_ANALYZER_NONNULL = YES;
				CLANG_ANALYZER_NUMBER_OBJECT_CONVERSION = YES_AGGRESSIVE;
				CLANG_CXX_LANGUAGE_STANDARD = "gnu++20";
				CLANG_ENABLE_MODULES = YES;
				CLANG_ENABLE_OBJC_ARC = YES;
				CLANG_ENABLE_OBJC_WEAK = YES;
				CLANG_WARN_BLOCK_CAPTURE_AUTORELEASING = YES;
				CLANG_WARN_BOOL_CONVERSION = YES;
				CLANG_WARN_COMMA = YES;
				CLANG_WARN_CONSTANT_CONVERSION = YES;
				CLANG_WARN_DEPRECATED_OBJC_IMPLEMENTATIONS = YES;
				CLANG_WARN_DIRECT_OBJC_ISA_USAGE = YES_ERROR;
				CLANG_WARN_DOCUMENTATION_COMMENTS = YES;
				CLANG_WARN_EMPTY_BODY = YES;
				CLANG_WARN_ENUM_CONVERSION = YES;
				CLANG_WARN_INFINITE_RECURSION = YES;
				CLANG_WARN_INT_CONVERSION = YES;
				CLANG_WARN_NON_LITERAL_NULL_CONVERSION = YES;
				CLANG_WARN_OBJC_IMPLICIT_RETAIN_SELF = YES;
				CLANG_WARN_OBJC_LITERAL_CONVERSION = YES;
				CLANG_WARN_OBJC_ROOT_CLASS = YES_ERROR;
				CLANG_WARN_QUOTED_INCLUDE_IN_FRAMEWORK_HEADER = YES;
				CLANG_WARN_RANGE_LOOP_ANALYSIS = YES;
				CLANG_WARN_STRICT_PROTOTYPES = YES;
				CLANG_WARN_SUSPICIOUS_MOVE = YES;
				CLANG_WARN_UNGUARDED_AVAILABILITY = YES_AGGRESSIVE;
				CLANG_WARN_UNREACHABLE_CODE = YES;
				CLANG_WARN__DUPLICATE_METHOD_MATCH = YES;
				COPY_PHASE_STRIP = NO;
				DEAD_CODE_STRIPPING = YES;
				DEBUG_INFORMATION_FORMAT = "dwarf-with-dsym";
				DEVELOPMENT_TEAM = VZ6957Q335;
				ENABLE_NS_ASSERTIONS = NO;
				ENABLE_STRICT_OBJC_MSGSEND = YES;
				ENABLE_USER_SCRIPT_SANDBOXING = NO;
				GCC_C_LANGUAGE_STANDARD = gnu17;
				GCC_NO_COMMON_BLOCKS = YES;
				GCC_WARN_64_TO_32_BIT_CONVERSION = YES;
				GCC_WARN_ABOUT_RETURN_TYPE = YES_ERROR;
				GCC_WARN_UNDECLARED_SELECTOR = YES;
				GCC_WARN_UNINITIALIZED_AUTOS = YES_AGGRESSIVE;
				GCC_WARN_UNUSED_FUNCTION = YES;
				GCC_WARN_UNUSED_VARIABLE = YES;
				LOCALIZATION_PREFERS_STRING_CATALOGS = YES;
				MTL_ENABLE_DEBUG_INFO = NO;
				MTL_FAST_MATH = YES;
				STRING_CATALOG_GENERATE_SYMBOLS = YES;
				SWIFT_COMPILATION_MODE = wholemodule;
			};
			name = Release;
		};
		04AEAC022EB1ACF6006FA46D /* Debug */ = {
			isa = XCBuildConfiguration;
			baseConfigurationReference = 257FD1AFA4E1C42E44256256 /* Pods-TravelVid Recorder.debug.xcconfig */;
			buildSettings = {
				ASSETCATALOG_COMPILER_APPICON_NAME = AppIcon;
				ASSETCATALOG_COMPILER_GLOBAL_ACCENT_COLOR_NAME = AccentColor;
				CODE_SIGN_ENTITLEMENTS = "TravelVid Recorder/TravelVid_Recorder.entitlements";
				CODE_SIGN_IDENTITY = "Apple Development";
				CODE_SIGN_STYLE = Automatic;
				CURRENT_PROJECT_VERSION = 1;
				DEAD_CODE_STRIPPING = YES;
				DEVELOPMENT_ASSET_PATHS = "\"TravelVid Recorder/Preview Content\"";
				ENABLE_APP_SANDBOX = YES;
				ENABLE_HARDENED_RUNTIME = YES;
				ENABLE_PREVIEWS = YES;
				ENABLE_USER_SELECTED_FILES = readonly;
				GENERATE_INFOPLIST_FILE = YES;
				INFOPLIST_FILE = "TravelVid-Recorder-Info.plist";
				INFOPLIST_KEY_CFBundleDisplayName = "TravelVid Recorder";
				INFOPLIST_KEY_LSApplicationCategoryType = "public.app-category.travel";
				INFOPLIST_KEY_NSAppleMusicUsageDescription = "This app saves videos to your photo library.\n\n\n\n";
				INFOPLIST_KEY_NSCameraUsageDescription = "TravelVid Recorder needs camera access to record video while you travel.";
				INFOPLIST_KEY_NSDocumentsFolderUsageDescription = "This app saves videos to your photo library.\n\n\n\n";
				INFOPLIST_KEY_NSFileProviderDomainUsageDescription = "This app saves videos to your photo library.\n\n";
				INFOPLIST_KEY_NSFileProviderPresenceUsageDescription = "This app saves videos to your photo library.\n\n\n\n";
				INFOPLIST_KEY_NSMicrophoneUsageDescription = "TravelVid Recorder needs microphone access to record audio with your videos.";
				INFOPLIST_KEY_NSPhotoLibraryAddUsageDescription = "TravelVid Recorder needs permission to save videos to your Photos library.";
				INFOPLIST_KEY_NSPhotoLibraryUsageDescription = "TravelVid Recorder needs access to save your recorded videos to Photos.";
				INFOPLIST_KEY_NSUserTrackingUsageDescription = "This identifier will be used to deliver personalized ads to you.";
				"INFOPLIST_KEY_UIApplicationSceneManifest_Generation[sdk=iphoneos*]" = YES;
				"INFOPLIST_KEY_UIApplicationSceneManifest_Generation[sdk=iphonesimulator*]" = YES;
				"INFOPLIST_KEY_UIApplicationSupportsIndirectInputEvents[sdk=iphoneos*]" = YES;
				"INFOPLIST_KEY_UIApplicationSupportsIndirectInputEvents[sdk=iphonesimulator*]" = YES;
				"INFOPLIST_KEY_UILaunchScreen_Generation[sdk=iphoneos*]" = YES;
				"INFOPLIST_KEY_UILaunchScreen_Generation[sdk=iphonesimulator*]" = YES;
				"INFOPLIST_KEY_UIStatusBarStyle[sdk=iphoneos*]" = UIStatusBarStyleDefault;
				"INFOPLIST_KEY_UIStatusBarStyle[sdk=iphonesimulator*]" = UIStatusBarStyleDefault;
				INFOPLIST_KEY_UISupportedInterfaceOrientations = UIInterfaceOrientationPortrait;
				INFOPLIST_KEY_UISupportedInterfaceOrientations_iPad = "UIInterfaceOrientationLandscapeLeft UIInterfaceOrientationLandscapeRight UIInterfaceOrientationPortrait UIInterfaceOrientationPortraitUpsideDown";
				IPHONEOS_DEPLOYMENT_TARGET = 17.6;
				LD_RUNPATH_SEARCH_PATHS = "@executable_path/Frameworks";
				"LD_RUNPATH_SEARCH_PATHS[sdk=macosx*]" = "@executable_path/../Frameworks";
				MACOSX_DEPLOYMENT_TARGET = 15.1;
				MARKETING_VERSION = 2.6;
				PRODUCT_BUNDLE_IDENTIFIER = "JimWas.TravelVid-Recorder";
				PRODUCT_NAME = "$(TARGET_NAME)";
				PROVISIONING_PROFILE_SPECIFIER = "";
				SDKROOT = auto;
				SUPPORTED_PLATFORMS = "iphoneos iphonesimulator";
				SUPPORTS_MACCATALYST = NO;
				SWIFT_EMIT_LOC_STRINGS = YES;
				SWIFT_VERSION = 5.0;
				TARGETED_DEVICE_FAMILY = 1;
				XROS_DEPLOYMENT_TARGET = 2.2;
			};
			name = Debug;
		};
		04AEAC032EB1ACF6006FA46D /* Release */ = {
			isa = XCBuildConfiguration;
			baseConfigurationReference = 895E80D2BF6C74EE0BC6BA4F /* Pods-TravelVid Recorder.release.xcconfig */;
			buildSettings = {
				ASSETCATALOG_COMPILER_APPICON_NAME = AppIcon;
				ASSETCATALOG_COMPILER_GLOBAL_ACCENT_COLOR_NAME = AccentColor;
				CODE_SIGN_ENTITLEMENTS = "TravelVid Recorder/TravelVid_Recorder.entitlements";
				CODE_SIGN_IDENTITY = "Apple Development";
				CODE_SIGN_STYLE = Automatic;
				CURRENT_PROJECT_VERSION = 1;
				DEAD_CODE_STRIPPING = YES;
				DEVELOPMENT_ASSET_PATHS = "\"TravelVid Recorder/Preview Content\"";
				ENABLE_APP_SANDBOX = YES;
				ENABLE_HARDENED_RUNTIME = YES;
				ENABLE_PREVIEWS = YES;
				ENABLE_USER_SELECTED_FILES = readonly;
				GENERATE_INFOPLIST_FILE = YES;
				INFOPLIST_FILE = "TravelVid-Recorder-Info.plist";
				INFOPLIST_KEY_CFBundleDisplayName = "TravelVid Recorder";
				INFOPLIST_KEY_LSApplicationCategoryType = "public.app-category.travel";
				INFOPLIST_KEY_NSAppleMusicUsageDescription = "This app saves videos to your photo library.\n\n\n\n";
				INFOPLIST_KEY_NSCameraUsageDescription = "TravelVid Recorder needs camera access to record video while you travel.";
				INFOPLIST_KEY_NSDocumentsFolderUsageDescription = "This app saves videos to your photo library.\n\n\n\n";
				INFOPLIST_KEY_NSFileProviderDomainUsageDescription = "This app saves videos to your photo library.\n\n";
				INFOPLIST_KEY_NSFileProviderPresenceUsageDescription = "This app saves videos to your photo library.\n\n\n\n";
				INFOPLIST_KEY_NSMicrophoneUsageDescription = "TravelVid Recorder needs microphone access to record audio with your videos.";
				INFOPLIST_KEY_NSPhotoLibraryAddUsageDescription = "TravelVid Recorder needs permission to save videos to your Photos library.";
				INFOPLIST_KEY_NSPhotoLibraryUsageDescription = "TravelVid Recorder needs access to save your recorded videos to Photos.";
				INFOPLIST_KEY_NSUserTrackingUsageDescription = "This identifier will be used to deliver personalized ads to you.";
				"INFOPLIST_KEY_UIApplicationSceneManifest_Generation[sdk=iphoneos*]" = YES;
				"INFOPLIST_KEY_UIApplicationSceneManifest_Generation[sdk=iphonesimulator*]" = YES;
				"INFOPLIST_KEY_UIApplicationSupportsIndirectInputEvents[sdk=iphoneos*]" = YES;
				"INFOPLIST_KEY_UIApplicationSupportsIndirectInputEvents[sdk=iphonesimulator*]" = YES;
				"INFOPLIST_KEY_UILaunchScreen_Generation[sdk=iphoneos*]" = YES;
				"INFOPLIST_KEY_UILaunchScreen_Generation[sdk=iphonesimulator*]" = YES;
				"INFOPLIST_KEY_UIStatusBarStyle[sdk=iphoneos*]" = UIStatusBarStyleDefault;
				"INFOPLIST_KEY_UIStatusBarStyle[sdk=iphonesimulator*]" = UIStatusBarStyleDefault;
				INFOPLIST_KEY_UISupportedInterfaceOrientations = UIInterfaceOrientationPortrait;
				INFOPLIST_KEY_UISupportedInterfaceOrientations_iPad = "UIInterfaceOrientationLandscapeLeft UIInterfaceOrientationLandscapeRight UIInterfaceOrientationPortrait UIInterfaceOrientationPortraitUpsideDown";
				IPHONEOS_DEPLOYMENT_TARGET = 17.6;
				LD_RUNPATH_SEARCH_PATHS = "@executable_path/Frameworks";
				"LD_RUNPATH_SEARCH_PATHS[sdk=macosx*]" = "@executable_path/../Frameworks";
				MACOSX_DEPLOYMENT_TARGET = 15.1;
				MARKETING_VERSION = 2.6;
				PRODUCT_BUNDLE_IDENTIFIER = "JimWas.TravelVid-Recorder";
				PRODUCT_NAME = "$(TARGET_NAME)";
				PROVISIONING_PROFILE_SPECIFIER = "";
				SDKROOT = auto;
				SUPPORTED_PLATFORMS = "iphoneos iphonesimulator";
				SUPPORTS_MACCATALYST = NO;
				SWIFT_EMIT_LOC_STRINGS = YES;
				SWIFT_VERSION = 5.0;
				TARGETED_DEVICE_FAMILY = 1;
				XROS_DEPLOYMENT_TARGET = 2.2;
			};
			name = Release;
		};
		04AEAC052EB1ACF6006FA46D /* Debug */ = {
			isa = XCBuildConfiguration;
			buildSettings = {
				BUNDLE_LOADER = "$(TEST_HOST)";
				CODE_SIGN_STYLE = Automatic;
				CURRENT_PROJECT_VERSION = 1;
				DEAD_CODE_STRIPPING = YES;
				GENERATE_INFOPLIST_FILE = YES;
				IPHONEOS_DEPLOYMENT_TARGET = 18.2;
				MACOSX_DEPLOYMENT_TARGET = 15.1;
				MARKETING_VERSION = 1.0;
				PRODUCT_BUNDLE_IDENTIFIER = "JimWas.TravelVid-RecorderTests";
				PRODUCT_NAME = "$(TARGET_NAME)";
				SDKROOT = auto;
				SUPPORTED_PLATFORMS = "iphoneos iphonesimulator macosx xros xrsimulator";
				SWIFT_EMIT_LOC_STRINGS = NO;
				SWIFT_VERSION = 5.0;
				TARGETED_DEVICE_FAMILY = "1,2,7";
				TEST_HOST = "$(BUILT_PRODUCTS_DIR)/TravelVid Recorder.app/$(BUNDLE_EXECUTABLE_FOLDER_PATH)/TravelVid Recorder";
				XROS_DEPLOYMENT_TARGET = 2.2;
			};
			name = Debug;
		};
		04AEAC062EB1ACF6006FA46D /* Release */ = {
			isa = XCBuildConfiguration;
			buildSettings = {
				BUNDLE_LOADER = "$(TEST_HOST)";
				CODE_SIGN_STYLE = Automatic;
				CURRENT_PROJECT_VERSION = 1;
				DEAD_CODE_STRIPPING = YES;
				GENERATE_INFOPLIST_FILE = YES;
				IPHONEOS_DEPLOYMENT_TARGET = 18.2;
				MACOSX_DEPLOYMENT_TARGET = 15.1;
				MARKETING_VERSION = 1.0;
				PRODUCT_BUNDLE_IDENTIFIER = "JimWas.TravelVid-RecorderTests";
				PRODUCT_NAME = "$(TARGET_NAME)";
				SDKROOT = auto;
				SUPPORTED_PLATFORMS = "iphoneos iphonesimulator macosx xros xrsimulator";
				SWIFT_EMIT_LOC_STRINGS = NO;
				SWIFT_VERSION = 5.0;
				TARGETED_DEVICE_FAMILY = "1,2,7";
				TEST_HOST = "$(BUILT_PRODUCTS_DIR)/TravelVid Recorder.app/$(BUNDLE_EXECUTABLE_FOLDER_PATH)/TravelVid Recorder";
				XROS_DEPLOYMENT_TARGET = 2.2;
			};
			name = Release;
		};
		04AEAC082EB1ACF6006FA46D /* Debug */ = {
			isa = XCBuildConfiguration;
			buildSettings = {
				CODE_SIGN_STYLE = Automatic;
				CURRENT_PROJECT_VERSION = 1;
				DEAD_CODE_STRIPPING = YES;
				GENERATE_INFOPLIST_FILE = YES;
				IPHONEOS_DEPLOYMENT_TARGET = 18.2;
				MACOSX_DEPLOYMENT_TARGET = 15.1;
				MARKETING_VERSION = 1.0;
				PRODUCT_BUNDLE_IDENTIFIER = "JimWas.TravelVid-RecorderUITests";
				PRODUCT_NAME = "$(TARGET_NAME)";
				SDKROOT = auto;
				SUPPORTED_PLATFORMS = "iphoneos iphonesimulator macosx xros xrsimulator";
				SWIFT_EMIT_LOC_STRINGS = NO;
				SWIFT_VERSION = 5.0;
				TARGETED_DEVICE_FAMILY = "1,2,7";
				TEST_TARGET_NAME = "TravelVid Recorder";
				XROS_DEPLOYMENT_TARGET = 2.2;
			};
			name = Debug;
		};
		04AEAC092EB1ACF6006FA46D /* Release */ = {
			isa = XCBuildConfiguration;
			buildSettings = {
				CODE_SIGN_STYLE = Automatic;
				CURRENT_PROJECT_VERSION = 1;
				DEAD_CODE_STRIPPING = YES;
				GENERATE_INFOPLIST_FILE = YES;
				IPHONEOS_DEPLOYMENT_TARGET = 18.2;
				MACOSX_DEPLOYMENT_TARGET = 15.1;
				MARKETING_VERSION = 1.0;
				PRODUCT_BUNDLE_IDENTIFIER = "JimWas.TravelVid-RecorderUITests";
				PRODUCT_NAME = "$(TARGET_NAME)";
				SDKROOT = auto;
				SUPPORTED_PLATFORMS = "iphoneos iphonesimulator macosx xros xrsimulator";
				SWIFT_EMIT_LOC_STRINGS = NO;
				SWIFT_VERSION = 5.0;
				TARGETED_DEVICE_FAMILY = "1,2,7";
				TEST_TARGET_NAME = "TravelVid Recorder";
				XROS_DEPLOYMENT_TARGET = 2.2;
			};
			name = Release;
		};
/* End XCBuildConfiguration section */

/* Begin XCConfigurationList section */
		04AEABD22EB1ACF3006FA46D /* Build configuration list for PBXProject "TravelVid Recorder" */ = {
			isa = XCConfigurationList;
			buildConfigurations = (
				04AEABFF2EB1ACF6006FA46D /* Debug */,
				04AEAC002EB1ACF6006FA46D /* Release */,
			);
			defaultConfigurationIsVisible = 0;
			defaultConfigurationName = Release;
		};
		04AEAC012EB1ACF6006FA46D /* Build configuration list for PBXNativeTarget "TravelVid Recorder" */ = {
			isa = XCConfigurationList;
			buildConfigurations = (
				04AEAC022EB1ACF6006FA46D /* Debug */,
				04AEAC032EB1ACF6006FA46D /* Release */,
			);
			defaultConfigurationIsVisible = 0;
			defaultConfigurationName = Release;
		};
		04AEAC042EB1ACF6006FA46D /* Build configuration list for PBXNativeTarget "TravelVid RecorderTests" */ = {
			isa = XCConfigurationList;
			buildConfigurations = (
				04AEAC052EB1ACF6006FA46D /* Debug */,
				04AEAC062EB1ACF6006FA46D /* Release */,
			);
			defaultConfigurationIsVisible = 0;
			defaultConfigurationName = Release;
		};
		04AEAC072EB1ACF6006FA46D /* Build configuration list for PBXNativeTarget "TravelVid RecorderUITests" */ = {
			isa = XCConfigurationList;
			buildConfigurations = (
				04AEAC082EB1ACF6006FA46D /* Debug */,
				04AEAC092EB1ACF6006FA46D /* Release */,
			);
			defaultConfigurationIsVisible = 0;
			defaultConfigurationName = Release;
		};
/* End XCConfigurationList section */

/* Begin XCRemoteSwiftPackageReference section */
		04D31DF22F0B8312006F3548 /* XCRemoteSwiftPackageReference "firebase-ios-sdk" */ = {
			isa = XCRemoteSwiftPackageReference;
			repositoryURL = "https://github.com/firebase/firebase-ios-sdk";
			requirement = {
				kind = upToNextMajorVersion;
				minimumVersion = 12.7.0;
			};
		};
/* End XCRemoteSwiftPackageReference section */

/* Begin XCSwiftPackageProductDependency section */
		04D31DF32F0B8312006F3548 /* FirebaseAI */ = {
			isa = XCSwiftPackageProductDependency;
			package = 04D31DF22F0B8312006F3548 /* XCRemoteSwiftPackageReference "firebase-ios-sdk" */;
			productName = FirebaseAI;
		};
		04D31DF52F0B8312006F3548 /* FirebaseAILogic */ = {
			isa = XCSwiftPackageProductDependency;
			package = 04D31DF22F0B8312006F3548 /* XCRemoteSwiftPackageReference "firebase-ios-sdk" */;
			productName = FirebaseAILogic;
		};
		04D31DF72F0B8312006F3548 /* FirebaseAnalytics */ = {
			isa = XCSwiftPackageProductDependency;
			package = 04D31DF22F0B8312006F3548 /* XCRemoteSwiftPackageReference "firebase-ios-sdk" */;
			productName = FirebaseAnalytics;
		};
		04D31DF92F0B8312006F3548 /* FirebaseAnalyticsCore */ = {
			isa = XCSwiftPackageProductDependency;
			package = 04D31DF22F0B8312006F3548 /* XCRemoteSwiftPackageReference "firebase-ios-sdk" */;
			productName = FirebaseAnalyticsCore;
		};
		04D31DFB2F0B8312006F3548 /* FirebaseAnalyticsIdentitySupport */ = {
			isa = XCSwiftPackageProductDependency;
			package = 04D31DF22F0B8312006F3548 /* XCRemoteSwiftPackageReference "firebase-ios-sdk" */;
			productName = FirebaseAnalyticsIdentitySupport;
		};
		04D31DFD2F0B8312006F3548 /* FirebaseAppCheck */ = {
			isa = XCSwiftPackageProductDependency;
			package = 04D31DF22F0B8312006F3548 /* XCRemoteSwiftPackageReference "firebase-ios-sdk" */;
			productName = FirebaseAppCheck;
		};
		04D31DFF2F0B8312006F3548 /* FirebaseAppDistribution-Beta */ = {
			isa = XCSwiftPackageProductDependency;
			package = 04D31DF22F0B8312006F3548 /* XCRemoteSwiftPackageReference "firebase-ios-sdk" */;
			productName = "FirebaseAppDistribution-Beta";
		};
		04D31E012F0B8312006F3548 /* FirebaseAuth */ = {
			isa = XCSwiftPackageProductDependency;
			package = 04D31DF22F0B8312006F3548 /* XCRemoteSwiftPackageReference "firebase-ios-sdk" */;
			productName = FirebaseAuth;
		};
		04D31E032F0B8312006F3548 /* FirebaseAuthCombine-Community */ = {
			isa = XCSwiftPackageProductDependency;
			package = 04D31DF22F0B8312006F3548 /* XCRemoteSwiftPackageReference "firebase-ios-sdk" */;
			productName = "FirebaseAuthCombine-Community";
		};
		04D31E052F0B8312006F3548 /* FirebaseCore */ = {
			isa = XCSwiftPackageProductDependency;
			package = 04D31DF22F0B8312006F3548 /* XCRemoteSwiftPackageReference "firebase-ios-sdk" */;
			productName = FirebaseCore;
		};
		04D31E072F0B8312006F3548 /* FirebaseCrashlytics */ = {
			isa = XCSwiftPackageProductDependency;
			package = 04D31DF22F0B8312006F3548 /* XCRemoteSwiftPackageReference "firebase-ios-sdk" */;
			productName = FirebaseCrashlytics;
		};
		04D31E092F0B8312006F3548 /* FirebaseDatabase */ = {
			isa = XCSwiftPackageProductDependency;
			package = 04D31DF22F0B8312006F3548 /* XCRemoteSwiftPackageReference "firebase-ios-sdk" */;
			productName = FirebaseDatabase;
		};
		04D31E0B2F0B8312006F3548 /* FirebaseFirestore */ = {
			isa = XCSwiftPackageProductDependency;
			package = 04D31DF22F0B8312006F3548 /* XCRemoteSwiftPackageReference "firebase-ios-sdk" */;
			productName = FirebaseFirestore;
		};
		04D31E0D2F0B8312006F3548 /* FirebaseFirestoreCombine-Community */ = {
			isa = XCSwiftPackageProductDependency;
			package = 04D31DF22F0B8312006F3548 /* XCRemoteSwiftPackageReference "firebase-ios-sdk" */;
			productName = "FirebaseFirestoreCombine-Community";
		};
		04D31E0F2F0B8312006F3548 /* FirebaseFunctions */ = {
			isa = XCSwiftPackageProductDependency;
			package = 04D31DF22F0B8312006F3548 /* XCRemoteSwiftPackageReference "firebase-ios-sdk" */;
			productName = FirebaseFunctions;
		};
		04D31E112F0B8312006F3548 /* FirebaseFunctionsCombine-Community */ = {
			isa = XCSwiftPackageProductDependency;
			package = 04D31DF22F0B8312006F3548 /* XCRemoteSwiftPackageReference "firebase-ios-sdk" */;
			productName = "FirebaseFunctionsCombine-Community";
		};
		04D31E132F0B8312006F3548 /* FirebaseInAppMessaging-Beta */ = {
			isa = XCSwiftPackageProductDependency;
			package = 04D31DF22F0B8312006F3548 /* XCRemoteSwiftPackageReference "firebase-ios-sdk" */;
			productName = "FirebaseInAppMessaging-Beta";
		};
		04D31E152F0B8312006F3548 /* FirebaseInstallations */ = {
			isa = XCSwiftPackageProductDependency;
			package = 04D31DF22F0B8312006F3548 /* XCRemoteSwiftPackageReference "firebase-ios-sdk" */;
			productName = FirebaseInstallations;
		};
		04D31E172F0B8312006F3548 /* FirebaseMLModelDownloader */ = {
			isa = XCSwiftPackageProductDependency;
			package = 04D31DF22F0B8312006F3548 /* XCRemoteSwiftPackageReference "firebase-ios-sdk" */;
			productName = FirebaseMLModelDownloader;
		};
		04D31E192F0B8312006F3548 /* FirebaseMessaging */ = {
			isa = XCSwiftPackageProductDependency;
			package = 04D31DF22F0B8312006F3548 /* XCRemoteSwiftPackageReference "firebase-ios-sdk" */;
			productName = FirebaseMessaging;
		};
		04D31E1B2F0B8312006F3548 /* FirebasePerformance */ = {
			isa = XCSwiftPackageProductDependency;
			package = 04D31DF22F0B8312006F3548 /* XCRemoteSwiftPackageReference "firebase-ios-sdk" */;
			productName = FirebasePerformance;
		};
		04D31E1D2F0B8312006F3548 /* FirebaseRemoteConfig */ = {
			isa = XCSwiftPackageProductDependency;
			package = 04D31DF22F0B8312006F3548 /* XCRemoteSwiftPackageReference "firebase-ios-sdk" */;
			productName = FirebaseRemoteConfig;
		};
		04D31E1F2F0B8312006F3548 /* FirebaseStorage */ = {
			isa = XCSwiftPackageProductDependency;
			package = 04D31DF22F0B8312006F3548 /* XCRemoteSwiftPackageReference "firebase-ios-sdk" */;
			productName = FirebaseStorage;
		};
		04D31E212F0B8312006F3548 /* FirebaseStorageCombine-Community */ = {
			isa = XCSwiftPackageProductDependency;
			package = 04D31DF22F0B8312006F3548 /* XCRemoteSwiftPackageReference "firebase-ios-sdk" */;
			productName = "FirebaseStorageCombine-Community";
		};
/* End XCSwiftPackageProductDependency section */
	};
	rootObject = 04AEABCF2EB1ACF3006FA46D /* Project object */;
}
